
Microsoft Visual Studio Solution File, Format Version 12.00
# Visual Studio 15
VisualStudioVersion = 15.0.26124.0
MinimumVisualStudioVersion = 15.0.26124.0
Project("{2150E333-8FDC-42A3-9474-1A3956D46DE8}") = "src", "src", "{B08D5DF5-DD14-4FB5-9EE7-8B2541BA4C4F}"
EndProject
Project("{FAE04EC0-301F-11D3-BF4B-00C04F79EFBC}") = "Battleship", "src\Battleship\Battleship.csproj", "{199F9AC6-98C5-497D-825D-9F88327F2C13}"
EndProject
Project("{FAE04EC0-301F-11D3-BF4B-00C04F79EFBC}") = "Battleship.Library", "src\Battleship.Library\Battleship.Library.csproj", "{78EAAAD5-5043-4AB2-BB4B-6D25D3DF756B}"
EndProject
Project("{2150E333-8FDC-42A3-9474-1A3956D46DE8}") = "test", "test", "{6FE8FEE9-6BC6-4071-9B10-3D23F9B6564D}"
EndProject
Project("{FAE04EC0-301F-11D3-BF4B-00C04F79EFBC}") = "Battleship.Library.Test", "test\Battleship.Library.Test\Battleship.Library.Test.csproj", "{44CB5EA8-78F6-4576-92D7-5EEA13FF6BD3}"
EndProject
Global
	GlobalSection(SolutionConfigurationPlatforms) = preSolution
		Debug|Any CPU = Debug|Any CPU
		Debug|x64 = Debug|x64
		Debug|x86 = Debug|x86
		Release|Any CPU = Release|Any CPU
		Release|x64 = Release|x64
		Release|x86 = Release|x86
	EndGlobalSection
	GlobalSection(SolutionProperties) = preSolution
		HideSolutionNode = FALSE
	EndGlobalSection
	GlobalSection(ProjectConfigurationPlatforms) = postSolution
		{199F9AC6-98C5-497D-825D-9F88327F2C13}.Debug|Any CPU.ActiveCfg = Debug|Any CPU
		{199F9AC6-98C5-497D-825D-9F88327F2C13}.Debug|Any CPU.Build.0 = Debug|Any CPU
		{199F9AC6-98C5-497D-825D-9F88327F2C13}.Debug|x64.ActiveCfg = Debug|Any CPU
		{199F9AC6-98C5-497D-825D-9F88327F2C13}.Debug|x64.Build.0 = Debug|Any CPU
		{199F9AC6-98C5-497D-825D-9F88327F2C13}.Debug|x86.ActiveCfg = Debug|Any CPU
		{199F9AC6-98C5-497D-825D-9F88327F2C13}.Debug|x86.Build.0 = Debug|Any CPU
		{199F9AC6-98C5-497D-825D-9F88327F2C13}.Release|Any CPU.ActiveCfg = Release|Any CPU
		{199F9AC6-98C5-497D-825D-9F88327F2C13}.Release|Any CPU.Build.0 = Release|Any CPU
		{199F9AC6-98C5-497D-825D-9F88327F2C13}.Release|x64.ActiveCfg = Release|Any CPU
		{199F9AC6-98C5-497D-825D-9F88327F2C13}.Release|x64.Build.0 = Release|Any CPU
		{199F9AC6-98C5-497D-825D-9F88327F2C13}.Release|x86.ActiveCfg = Release|Any CPU
		{199F9AC6-98C5-497D-825D-9F88327F2C13}.Release|x86.Build.0 = Release|Any CPU
		{78EAAAD5-5043-4AB2-BB4B-6D25D3DF756B}.Debug|Any CPU.ActiveCfg = Debug|Any CPU
		{78EAAAD5-5043-4AB2-BB4B-6D25D3DF756B}.Debug|Any CPU.Build.0 = Debug|Any CPU
		{78EAAAD5-5043-4AB2-BB4B-6D25D3DF756B}.Debug|x64.ActiveCfg = Debug|Any CPU
		{78EAAAD5-5043-4AB2-BB4B-6D25D3DF756B}.Debug|x64.Build.0 = Debug|Any CPU
		{78EAAAD5-5043-4AB2-BB4B-6D25D3DF756B}.Debug|x86.ActiveCfg = Debug|Any CPU
		{78EAAAD5-5043-4AB2-BB4B-6D25D3DF756B}.Debug|x86.Build.0 = Debug|Any CPU
		{78EAAAD5-5043-4AB2-BB4B-6D25D3DF756B}.Release|Any CPU.ActiveCfg = Release|Any CPU
		{78EAAAD5-5043-4AB2-BB4B-6D25D3DF756B}.Release|Any CPU.Build.0 = Release|Any CPU
		{78EAAAD5-5043-4AB2-BB4B-6D25D3DF756B}.Release|x64.ActiveCfg = Release|Any CPU
		{78EAAAD5-5043-4AB2-BB4B-6D25D3DF756B}.Release|x64.Build.0 = Release|Any CPU
		{78EAAAD5-5043-4AB2-BB4B-6D25D3DF756B}.Release|x86.ActiveCfg = Release|Any CPU
		{78EAAAD5-5043-4AB2-BB4B-6D25D3DF756B}.Release|x86.Build.0 = Release|Any CPU
		{44CB5EA8-78F6-4576-92D7-5EEA13FF6BD3}.Debug|Any CPU.ActiveCfg = Debug|Any CPU
		{44CB5EA8-78F6-4576-92D7-5EEA13FF6BD3}.Debug|Any CPU.Build.0 = Debug|Any CPU
		{44CB5EA8-78F6-4576-92D7-5EEA13FF6BD3}.Debug|x64.ActiveCfg = Debug|Any CPU
		{44CB5EA8-78F6-4576-92D7-5EEA13FF6BD3}.Debug|x64.Build.0 = Debug|Any CPU
		{44CB5EA8-78F6-4576-92D7-5EEA13FF6BD3}.Debug|x86.ActiveCfg = Debug|Any CPU
		{44CB5EA8-78F6-4576-92D7-5EEA13FF6BD3}.Debug|x86.Build.0 = Debug|Any CPU
		{44CB5EA8-78F6-4576-92D7-5EEA13FF6BD3}.Release|Any CPU.ActiveCfg = Release|Any CPU
		{44CB5EA8-78F6-4576-92D7-5EEA13FF6BD3}.Release|Any CPU.Build.0 = Release|Any CPU
		{44CB5EA8-78F6-4576-92D7-5EEA13FF6BD3}.Release|x64.ActiveCfg = Release|Any CPU
		{44CB5EA8-78F6-4576-92D7-5EEA13FF6BD3}.Release|x64.Build.0 = Release|Any CPU
		{44CB5EA8-78F6-4576-92D7-5EEA13FF6BD3}.Release|x86.ActiveCfg = Release|Any CPU
		{44CB5EA8-78F6-4576-92D7-5EEA13FF6BD3}.Release|x86.Build.0 = Release|Any CPU
	EndGlobalSection
	GlobalSection(NestedProjects) = preSolution
		{199F9AC6-98C5-497D-825D-9F88327F2C13} = {B08D5DF5-DD14-4FB5-9EE7-8B2541BA4C4F}
		{78EAAAD5-5043-4AB2-BB4B-6D25D3DF756B} = {B08D5DF5-DD14-4FB5-9EE7-8B2541BA4C4F}
		{44CB5EA8-78F6-4576-92D7-5EEA13FF6BD3} = {6FE8FEE9-6BC6-4071-9B10-3D23F9B6564D}
	EndGlobalSection
EndGlobal
